
Microsoft Visual Studio Solution File, Format Version 12.00
# Visual Studio Version 16
VisualStudioVersion = 16.0.30114.105
MinimumVisualStudioVersion = 10.0.40219.1
Project("{9092AA53-FB77-4645-B42D-1CCCA6BD08BD}") = "assignment1", "assignment1\assignment1.njsproj", "{3345C93C-316C-4CC3-AA49-28C72E5A6141}"
EndProject
Global
	GlobalSection(SolutionConfigurationPlatforms) = preSolution
		Debug|Any CPU = Debug|Any CPU
		Release|Any CPU = Release|Any CPU
	EndGlobalSection
	GlobalSection(ProjectConfigurationPlatforms) = postSolution
		{3345C93C-316C-4CC3-AA49-28C72E5A6141}.Debug|Any CPU.ActiveCfg = Debug|Any CPU
		{3345C93C-316C-4CC3-AA49-28C72E5A6141}.Debug|Any CPU.Build.0 = Debug|Any CPU
		{3345C93C-316C-4CC3-AA49-28C72E5A6141}.Release|Any CPU.ActiveCfg = Release|Any CPU
		{3345C93C-316C-4CC3-AA49-28C72E5A6141}.Release|Any CPU.Build.0 = Release|Any CPU
	EndGlobalSection
	GlobalSection(SolutionProperties) = preSolution
		HideSolutionNode = FALSE
	EndGlobalSection
	GlobalSection(ExtensibilityGlobals) = postSolution
		SolutionGuid = {EAA85E08-E231-4053-A216-DFFD70DDC730}
	EndGlobalSection
EndGlobal
